
Microsoft Visual Studio Solution File, Format Version 12.00
# Visual Studio Version 17
VisualStudioVersion = 17.2.32526.322
MinimumVisualStudioVersion = 10.0.40219.1
Project("{FAE04EC0-301F-11D3-BF4B-00C04F79EFBC}") = "SET1_UI", "Exam_Set1\SET1_UI.csproj", "{A9512701-6B6A-4018-A9D5-F973EA2F6E42}"
EndProject
Project("{FAE04EC0-301F-11D3-BF4B-00C04F79EFBC}") = "SET1", "SET1\SET1.csproj", "{5F8B0CF2-3DBE-42A7-82A0-973283965FA1}"
EndProject
Global
	GlobalSection(SolutionConfigurationPlatforms) = preSolution
		Debug|Any CPU = Debug|Any CPU
		Release|Any CPU = Release|Any CPU
	EndGlobalSection
	GlobalSection(ProjectConfigurationPlatforms) = postSolution
		{A9512701-6B6A-4018-A9D5-F973EA2F6E42}.Debug|Any CPU.ActiveCfg = Debug|Any CPU
		{A9512701-6B6A-4018-A9D5-F973EA2F6E42}.Debug|Any CPU.Build.0 = Debug|Any CPU
		{A9512701-6B6A-4018-A9D5-F973EA2F6E42}.Release|Any CPU.ActiveCfg = Release|Any CPU
		{A9512701-6B6A-4018-A9D5-F973EA2F6E42}.Release|Any CPU.Build.0 = Release|Any CPU
		{5F8B0CF2-3DBE-42A7-82A0-973283965FA1}.Debug|Any CPU.ActiveCfg = Debug|Any CPU
		{5F8B0CF2-3DBE-42A7-82A0-973283965FA1}.Debug|Any CPU.Build.0 = Debug|Any CPU
		{5F8B0CF2-3DBE-42A7-82A0-973283965FA1}.Release|Any CPU.ActiveCfg = Release|Any CPU
		{5F8B0CF2-3DBE-42A7-82A0-973283965FA1}.Release|Any CPU.Build.0 = Release|Any CPU
	EndGlobalSection
	GlobalSection(SolutionProperties) = preSolution
		HideSolutionNode = FALSE
	EndGlobalSection
	GlobalSection(ExtensibilityGlobals) = postSolution
		SolutionGuid = {62C7B686-F8E7-4122-8EED-A25AB8E9CD99}
	EndGlobalSection
EndGlobal
